
Microsoft Visual Studio Solution File, Format Version 12.00
# Visual Studio Version 17
VisualStudioVersion = 17.6.33815.320
MinimumVisualStudioVersion = 10.0.40219.1
Project("{FAE04EC0-301F-11D3-BF4B-00C04F79EFBC}") = "PIV", "PIV\PIV.csproj", "{D432ECDC-1C69-4C40-9107-DBA14848D97A}"
EndProject
Global
	GlobalSection(SolutionConfigurationPlatforms) = preSolution
		Debug|Any CPU = Debug|Any CPU
		Release|Any CPU = Release|Any CPU
	EndGlobalSection
	GlobalSection(ProjectConfigurationPlatforms) = postSolution
		{D432ECDC-1C69-4C40-9107-DBA14848D97A}.Debug|Any CPU.ActiveCfg = Debug|Any CPU
		{D432ECDC-1C69-4C40-9107-DBA14848D97A}.Debug|Any CPU.Build.0 = Debug|Any CPU
		{D432ECDC-1C69-4C40-9107-DBA14848D97A}.Release|Any CPU.ActiveCfg = Release|Any CPU
		{D432ECDC-1C69-4C40-9107-DBA14848D97A}.Release|Any CPU.Build.0 = Release|Any CPU
	EndGlobalSection
	GlobalSection(SolutionProperties) = preSolution
		HideSolutionNode = FALSE
	EndGlobalSection
	GlobalSection(ExtensibilityGlobals) = postSolution
		SolutionGuid = {DC4E3FE1-4CF2-44DA-AA8E-32E7574E4ACA}
	EndGlobalSection
EndGlobal
